
Microsoft Visual Studio Solution File, Format Version 12.00
# Visual Studio Version 17
VisualStudioVersion = 17.14.36616.10
MinimumVisualStudioVersion = 10.0.40219.1
Project("{FAE04EC0-301F-11D3-BF4B-00C04F79EFBC}") = "M001", "M001\M001.csproj", "{8A7A4025-C166-4E84-82C6-967EFF403217}"
EndProject
Project("{FAE04EC0-301F-11D3-BF4B-00C04F79EFBC}") = "M002", "M002\M002.csproj", "{6DCC6197-C901-4D49-A2DB-2108371FD261}"
EndProject
Project("{FAE04EC0-301F-11D3-BF4B-00C04F79EFBC}") = "M003", "M003\M003.csproj", "{ECD94884-3437-4A9A-B3B4-22F05F83E93F}"
EndProject
Project("{FAE04EC0-301F-11D3-BF4B-00C04F79EFBC}") = "M004", "M004\M004.csproj", "{13999CA5-D19A-4E15-AD29-09E53E840288}"
EndProject
Project("{FAE04EC0-301F-11D3-BF4B-00C04F79EFBC}") = "M000", "M000\M000.csproj", "{13826FDB-26B3-4391-A03C-53D25D2E8129}"
EndProject
Project("{FAE04EC0-301F-11D3-BF4B-00C04F79EFBC}") = "M005", "M005\M005.csproj", "{30744B17-C0C1-411E-946B-7BA39E9C9F12}"
EndProject
Project("{2150E333-8FDC-42A3-9474-1A3956D46DE8}") = "Solution Items", "Solution Items", "{8EC462FD-D22E-90A8-E5CE-7E832BA40C5D}"
	ProjectSection(SolutionItems) = preProject
		Shortcuts.txt = Shortcuts.txt
	EndProjectSection
EndProject
Project("{FAE04EC0-301F-11D3-BF4B-00C04F79EFBC}") = "M006", "M006\M006.csproj", "{D66DF42A-7C9D-4A16-AD46-F8FCC2E9F325}"
EndProject
Project("{FAE04EC0-301F-11D3-BF4B-00C04F79EFBC}") = "M007", "M007\M007.csproj", "{41A8FC36-B8B5-4883-BF30-98BD8CCD38D8}"
EndProject
Project("{FAE04EC0-301F-11D3-BF4B-00C04F79EFBC}") = "M008", "M008\M008.csproj", "{E20FFA1F-9496-40B9-8DB0-7622D8ABFBA2}"
EndProject
Project("{FAE04EC0-301F-11D3-BF4B-00C04F79EFBC}") = "M016", "M016\M016.csproj", "{5A2527DF-D828-4960-BB05-4040B4DB310F}"
EndProject
Project("{FAE04EC0-301F-11D3-BF4B-00C04F79EFBC}") = "M009", "M009\M009.csproj", "{F2A55F83-65AD-4FBE-8CE2-DDDEB1C3F9C3}"
EndProject
Project("{FAE04EC0-301F-11D3-BF4B-00C04F79EFBC}") = "M010", "M010\M010.csproj", "{95DF74F4-B583-43E3-9B06-9D5C14CC525A}"
EndProject
Project("{FAE04EC0-301F-11D3-BF4B-00C04F79EFBC}") = "M011", "M011\M011.csproj", "{87D445BD-6F2F-41D5-91E1-3768EEA8D21E}"
EndProject
Project("{FAE04EC0-301F-11D3-BF4B-00C04F79EFBC}") = "M012", "M012\M012.csproj", "{944DD5BF-A242-43B8-A361-F8CFCEEE009A}"
EndProject
Project("{FAE04EC0-301F-11D3-BF4B-00C04F79EFBC}") = "M013", "M013\M013.csproj", "{8631FD3A-29F2-4B5D-95E3-C624B709BB93}"
EndProject
Project("{FAE04EC0-301F-11D3-BF4B-00C04F79EFBC}") = "M014", "M014\M014.csproj", "{A3E11922-118F-4355-8F0F-5A0BF9845B87}"
EndProject
Project("{FAE04EC0-301F-11D3-BF4B-00C04F79EFBC}") = "M015", "M015\M015.csproj", "{CB33CC39-DF37-4124-BB9F-1BE802FF004B}"
EndProject
Project("{FAE04EC0-301F-11D3-BF4B-00C04F79EFBC}") = "M017", "M017\M017.csproj", "{9CAD47EA-707C-4CBA-8678-480BC476BD39}"
EndProject
Global
	GlobalSection(SolutionConfigurationPlatforms) = preSolution
		Debug|Any CPU = Debug|Any CPU
		Release|Any CPU = Release|Any CPU
	EndGlobalSection
	GlobalSection(ProjectConfigurationPlatforms) = postSolution
		{8A7A4025-C166-4E84-82C6-967EFF403217}.Debug|Any CPU.ActiveCfg = Debug|Any CPU
		{8A7A4025-C166-4E84-82C6-967EFF403217}.Debug|Any CPU.Build.0 = Debug|Any CPU
		{8A7A4025-C166-4E84-82C6-967EFF403217}.Release|Any CPU.ActiveCfg = Release|Any CPU
		{8A7A4025-C166-4E84-82C6-967EFF403217}.Release|Any CPU.Build.0 = Release|Any CPU
		{6DCC6197-C901-4D49-A2DB-2108371FD261}.Debug|Any CPU.ActiveCfg = Debug|Any CPU
		{6DCC6197-C901-4D49-A2DB-2108371FD261}.Debug|Any CPU.Build.0 = Debug|Any CPU
		{6DCC6197-C901-4D49-A2DB-2108371FD261}.Release|Any CPU.ActiveCfg = Release|Any CPU
		{6DCC6197-C901-4D49-A2DB-2108371FD261}.Release|Any CPU.Build.0 = Release|Any CPU
		{ECD94884-3437-4A9A-B3B4-22F05F83E93F}.Debug|Any CPU.ActiveCfg = Debug|Any CPU
		{ECD94884-3437-4A9A-B3B4-22F05F83E93F}.Debug|Any CPU.Build.0 = Debug|Any CPU
		{ECD94884-3437-4A9A-B3B4-22F05F83E93F}.Release|Any CPU.ActiveCfg = Release|Any CPU
		{ECD94884-3437-4A9A-B3B4-22F05F83E93F}.Release|Any CPU.Build.0 = Release|Any CPU
		{13999CA5-D19A-4E15-AD29-09E53E840288}.Debug|Any CPU.ActiveCfg = Debug|Any CPU
		{13999CA5-D19A-4E15-AD29-09E53E840288}.Debug|Any CPU.Build.0 = Debug|Any CPU
		{13999CA5-D19A-4E15-AD29-09E53E840288}.Release|Any CPU.ActiveCfg = Release|Any CPU
		{13999CA5-D19A-4E15-AD29-09E53E840288}.Release|Any CPU.Build.0 = Release|Any CPU
		{13826FDB-26B3-4391-A03C-53D25D2E8129}.Debug|Any CPU.ActiveCfg = Debug|Any CPU
		{13826FDB-26B3-4391-A03C-53D25D2E8129}.Debug|Any CPU.Build.0 = Debug|Any CPU
		{13826FDB-26B3-4391-A03C-53D25D2E8129}.Release|Any CPU.ActiveCfg = Release|Any CPU
		{13826FDB-26B3-4391-A03C-53D25D2E8129}.Release|Any CPU.Build.0 = Release|Any CPU
		{30744B17-C0C1-411E-946B-7BA39E9C9F12}.Debug|Any CPU.ActiveCfg = Debug|Any CPU
		{30744B17-C0C1-411E-946B-7BA39E9C9F12}.Debug|Any CPU.Build.0 = Debug|Any CPU
		{30744B17-C0C1-411E-946B-7BA39E9C9F12}.Release|Any CPU.ActiveCfg = Release|Any CPU
		{30744B17-C0C1-411E-946B-7BA39E9C9F12}.Release|Any CPU.Build.0 = Release|Any CPU
		{D66DF42A-7C9D-4A16-AD46-F8FCC2E9F325}.Debug|Any CPU.ActiveCfg = Debug|Any CPU
		{D66DF42A-7C9D-4A16-AD46-F8FCC2E9F325}.Debug|Any CPU.Build.0 = Debug|Any CPU
		{D66DF42A-7C9D-4A16-AD46-F8FCC2E9F325}.Release|Any CPU.ActiveCfg = Release|Any CPU
		{D66DF42A-7C9D-4A16-AD46-F8FCC2E9F325}.Release|Any CPU.Build.0 = Release|Any CPU
		{41A8FC36-B8B5-4883-BF30-98BD8CCD38D8}.Debug|Any CPU.ActiveCfg = Debug|Any CPU
		{41A8FC36-B8B5-4883-BF30-98BD8CCD38D8}.Debug|Any CPU.Build.0 = Debug|Any CPU
		{41A8FC36-B8B5-4883-BF30-98BD8CCD38D8}.Release|Any CPU.ActiveCfg = Release|Any CPU
		{41A8FC36-B8B5-4883-BF30-98BD8CCD38D8}.Release|Any CPU.Build.0 = Release|Any CPU
		{E20FFA1F-9496-40B9-8DB0-7622D8ABFBA2}.Debug|Any CPU.ActiveCfg = Debug|Any CPU
		{E20FFA1F-9496-40B9-8DB0-7622D8ABFBA2}.Debug|Any CPU.Build.0 = Debug|Any CPU
		{E20FFA1F-9496-40B9-8DB0-7622D8ABFBA2}.Release|Any CPU.ActiveCfg = Release|Any CPU
		{E20FFA1F-9496-40B9-8DB0-7622D8ABFBA2}.Release|Any CPU.Build.0 = Release|Any CPU
		{5A2527DF-D828-4960-BB05-4040B4DB310F}.Debug|Any CPU.ActiveCfg = Debug|Any CPU
		{5A2527DF-D828-4960-BB05-4040B4DB310F}.Debug|Any CPU.Build.0 = Debug|Any CPU
		{5A2527DF-D828-4960-BB05-4040B4DB310F}.Release|Any CPU.ActiveCfg = Release|Any CPU
		{5A2527DF-D828-4960-BB05-4040B4DB310F}.Release|Any CPU.Build.0 = Release|Any CPU
		{F2A55F83-65AD-4FBE-8CE2-DDDEB1C3F9C3}.Debug|Any CPU.ActiveCfg = Debug|Any CPU
		{F2A55F83-65AD-4FBE-8CE2-DDDEB1C3F9C3}.Debug|Any CPU.Build.0 = Debug|Any CPU
		{F2A55F83-65AD-4FBE-8CE2-DDDEB1C3F9C3}.Release|Any CPU.ActiveCfg = Release|Any CPU
		{F2A55F83-65AD-4FBE-8CE2-DDDEB1C3F9C3}.Release|Any CPU.Build.0 = Release|Any CPU
		{95DF74F4-B583-43E3-9B06-9D5C14CC525A}.Debug|Any CPU.ActiveCfg = Debug|Any CPU
		{95DF74F4-B583-43E3-9B06-9D5C14CC525A}.Debug|Any CPU.Build.0 = Debug|Any CPU
		{95DF74F4-B583-43E3-9B06-9D5C14CC525A}.Release|Any CPU.ActiveCfg = Release|Any CPU
		{95DF74F4-B583-43E3-9B06-9D5C14CC525A}.Release|Any CPU.Build.0 = Release|Any CPU
		{87D445BD-6F2F-41D5-91E1-3768EEA8D21E}.Debug|Any CPU.ActiveCfg = Debug|Any CPU
		{87D445BD-6F2F-41D5-91E1-3768EEA8D21E}.Debug|Any CPU.Build.0 = Debug|Any CPU
		{87D445BD-6F2F-41D5-91E1-3768EEA8D21E}.Release|Any CPU.ActiveCfg = Release|Any CPU
		{87D445BD-6F2F-41D5-91E1-3768EEA8D21E}.Release|Any CPU.Build.0 = Release|Any CPU
		{944DD5BF-A242-43B8-A361-F8CFCEEE009A}.Debug|Any CPU.ActiveCfg = Debug|Any CPU
		{944DD5BF-A242-43B8-A361-F8CFCEEE009A}.Debug|Any CPU.Build.0 = Debug|Any CPU
		{944DD5BF-A242-43B8-A361-F8CFCEEE009A}.Release|Any CPU.ActiveCfg = Release|Any CPU
		{944DD5BF-A242-43B8-A361-F8CFCEEE009A}.Release|Any CPU.Build.0 = Release|Any CPU
		{8631FD3A-29F2-4B5D-95E3-C624B709BB93}.Debug|Any CPU.ActiveCfg = Debug|Any CPU
		{8631FD3A-29F2-4B5D-95E3-C624B709BB93}.Debug|Any CPU.Build.0 = Debug|Any CPU
		{8631FD3A-29F2-4B5D-95E3-C624B709BB93}.Release|Any CPU.ActiveCfg = Release|Any CPU
		{8631FD3A-29F2-4B5D-95E3-C624B709BB93}.Release|Any CPU.Build.0 = Release|Any CPU
		{A3E11922-118F-4355-8F0F-5A0BF9845B87}.Debug|Any CPU.ActiveCfg = Debug|Any CPU
		{A3E11922-118F-4355-8F0F-5A0BF9845B87}.Debug|Any CPU.Build.0 = Debug|Any CPU
		{A3E11922-118F-4355-8F0F-5A0BF9845B87}.Release|Any CPU.ActiveCfg = Release|Any CPU
		{A3E11922-118F-4355-8F0F-5A0BF9845B87}.Release|Any CPU.Build.0 = Release|Any CPU
		{CB33CC39-DF37-4124-BB9F-1BE802FF004B}.Debug|Any CPU.ActiveCfg = Debug|Any CPU
		{CB33CC39-DF37-4124-BB9F-1BE802FF004B}.Debug|Any CPU.Build.0 = Debug|Any CPU
		{CB33CC39-DF37-4124-BB9F-1BE802FF004B}.Release|Any CPU.ActiveCfg = Release|Any CPU
		{CB33CC39-DF37-4124-BB9F-1BE802FF004B}.Release|Any CPU.Build.0 = Release|Any CPU
		{9CAD47EA-707C-4CBA-8678-480BC476BD39}.Debug|Any CPU.ActiveCfg = Debug|Any CPU
		{9CAD47EA-707C-4CBA-8678-480BC476BD39}.Debug|Any CPU.Build.0 = Debug|Any CPU
		{9CAD47EA-707C-4CBA-8678-480BC476BD39}.Release|Any CPU.ActiveCfg = Release|Any CPU
		{9CAD47EA-707C-4CBA-8678-480BC476BD39}.Release|Any CPU.Build.0 = Release|Any CPU
	EndGlobalSection
	GlobalSection(SolutionProperties) = preSolution
		HideSolutionNode = FALSE
	EndGlobalSection
	GlobalSection(ExtensibilityGlobals) = postSolution
		SolutionGuid = {8AF4B483-2640-4FE4-8149-934BA4B7EF64}
	EndGlobalSection
EndGlobal
